# THIS IS AN AUTOGENERATED FILE. DO NOT EDIT THIS FILE DIRECTLY.
# yarn lockfile v1


"@babel/parser@^7.16.4":
  version "7.18.13"
  resolved "https://registry.npmmirror.com/@babel/parser/-/parser-7.18.13.tgz#5b2dd21cae4a2c5145f1fbd8ca103f9313d3b7e4"
  integrity sha512-dgXcIfMuQ0kgzLB2b9tRZs7TTFFaGM2AbtA4fJgUUYukzGH4jwsS7hzQHEGs67jdehpm22vkgKwvbU+aEflgwg==

"@esbuild/linux-loong64@0.15.6":
  version "0.15.6"
  resolved "https://registry.npmmirror.com/@esbuild/linux-loong64/-/linux-loong64-0.15.6.tgz#45be4184f00e505411bc265a05e709764114acd8"
  integrity sha512-hqmVU2mUjH6J2ZivHphJ/Pdse2ZD+uGCHK0uvsiLDk/JnSedEVj77CiVUnbMKuU4tih1TZZL8tG9DExQg/GZsw==

"@vue/compiler-core@3.2.38":
  version "3.2.38"
  resolved "https://registry.npmmirror.com/@vue/compiler-core/-/compiler-core-3.2.38.tgz#0a2a7bffd2280ac19a96baf5301838a2cf1964d7"
  integrity sha512-/FsvnSu7Z+lkd/8KXMa4yYNUiqQrI22135gfsQYVGuh5tqEgOB0XqrUdb/KnCLa5+TmQLPwvyUnKMyCpu+SX3Q==
  dependencies:
    "@babel/parser" "^7.16.4"
    "@vue/shared" "3.2.38"
    estree-walker "^2.0.2"
    source-map "^0.6.1"

"@vue/compiler-dom@3.2.38":
  version "3.2.38"
  resolved "https://registry.npmmirror.com/@vue/compiler-dom/-/compiler-dom-3.2.38.tgz#53d04ed0c0c62d1ef259bf82f9b28100a880b6fd"
  integrity sha512-zqX4FgUbw56kzHlgYuEEJR8mefFiiyR3u96498+zWPsLeh1WKvgIReoNE+U7gG8bCUdvsrJ0JRmev0Ky6n2O0g==
  dependencies:
    "@vue/compiler-core" "3.2.38"
    "@vue/shared" "3.2.38"

"@vue/compiler-sfc@3.2.38":
  version "3.2.38"
  resolved "https://registry.npmmirror.com/@vue/compiler-sfc/-/compiler-sfc-3.2.38.tgz#9e763019471a535eb1fceeaac9d4d18a83f0940f"
  integrity sha512-KZjrW32KloMYtTcHAFuw3CqsyWc5X6seb8KbkANSWt3Cz9p2qA8c1GJpSkksFP9ABb6an0FLCFl46ZFXx3kKpg==
  dependencies:
    "@babel/parser" "^7.16.4"
    "@vue/compiler-core" "3.2.38"
    "@vue/compiler-dom" "3.2.38"
    "@vue/compiler-ssr" "3.2.38"
    "@vue/reactivity-transform" "3.2.38"
    "@vue/shared" "3.2.38"
    estree-walker "^2.0.2"
    magic-string "^0.25.7"
    postcss "^8.1.10"
    source-map "^0.6.1"

"@vue/compiler-ssr@3.2.38":
  version "3.2.38"
  resolved "https://registry.npmmirror.com/@vue/compiler-ssr/-/compiler-ssr-3.2.38.tgz#933b23bf99e667e5078eefc6ba94cb95fd765dfe"
  integrity sha512-bm9jOeyv1H3UskNm4S6IfueKjUNFmi2kRweFIGnqaGkkRePjwEcfCVqyS3roe7HvF4ugsEkhf4+kIvDhip6XzQ==
  dependencies:
    "@vue/compiler-dom" "3.2.38"
    "@vue/shared" "3.2.38"

"@vue/reactivity-transform@3.2.38":
  version "3.2.38"
  resolved "https://registry.npmmirror.com/@vue/reactivity-transform/-/reactivity-transform-3.2.38.tgz#a856c217b2ead99eefb6fddb1d61119b2cb67984"
  integrity sha512-3SD3Jmi1yXrDwiNJqQ6fs1x61WsDLqVk4NyKVz78mkaIRh6d3IqtRnptgRfXn+Fzf+m6B1KxBYWq1APj6h4qeA==
  dependencies:
    "@babel/parser" "^7.16.4"
    "@vue/compiler-core" "3.2.38"
    "@vue/shared" "3.2.38"
    estree-walker "^2.0.2"
    magic-string "^0.25.7"

"@vue/reactivity@3.2.38":
  version "3.2.38"
  resolved "https://registry.npmmirror.com/@vue/reactivity/-/reactivity-3.2.38.tgz#d576fdcea98eefb96a1f1ad456e289263e87292e"
  integrity sha512-6L4myYcH9HG2M25co7/BSo0skKFHpAN8PhkNPM4xRVkyGl1K5M3Jx4rp5bsYhvYze2K4+l+pioN4e6ZwFLUVtw==
  dependencies:
    "@vue/shared" "3.2.38"

"@vue/runtime-core@3.2.38":
  version "3.2.38"
  resolved "https://registry.npmmirror.com/@vue/runtime-core/-/runtime-core-3.2.38.tgz#d19cf591c210713f80e6a94ffbfef307c27aea06"
  integrity sha512-kk0qiSiXUU/IKxZw31824rxmFzrLr3TL6ZcbrxWTKivadoKupdlzbQM4SlGo4MU6Zzrqv4fzyUasTU1jDoEnzg==
  dependencies:
    "@vue/reactivity" "3.2.38"
    "@vue/shared" "3.2.38"

"@vue/runtime-dom@3.2.38":
  version "3.2.38"
  resolved "https://registry.npmmirror.com/@vue/runtime-dom/-/runtime-dom-3.2.38.tgz#fec711f65c2485991289fd4798780aa506469b48"
  integrity sha512-4PKAb/ck2TjxdMSzMsnHViOrrwpudk4/A56uZjhzvusoEU9xqa5dygksbzYepdZeB5NqtRw5fRhWIiQlRVK45A==
  dependencies:
    "@vue/runtime-core" "3.2.38"
    "@vue/shared" "3.2.38"
    csstype "^2.6.8"

"@vue/server-renderer@3.2.38":
  version "3.2.38"
  resolved "https://registry.npmmirror.com/@vue/server-renderer/-/server-renderer-3.2.38.tgz#01a4c0f218e90b8ad1815074208a1974ded109aa"
  integrity sha512-pg+JanpbOZ5kEfOZzO2bt02YHd+ELhYP8zPeLU1H0e7lg079NtuuSB8fjLdn58c4Ou8UQ6C1/P+528nXnLPAhA==
  dependencies:
    "@vue/compiler-ssr" "3.2.38"
    "@vue/shared" "3.2.38"

"@vue/shared@3.2.38":
  version "3.2.38"
  resolved "https://registry.npmmirror.com/@vue/shared/-/shared-3.2.38.tgz#e823f0cb2e85b6bf43430c0d6811b1441c300f3c"
  integrity sha512-dTyhTIRmGXBjxJE+skC8tTWCGLCVc4wQgRRLt8+O9p5ewBAjoBwtCAkLPrtToSr1xltoe3st21Pv953aOZ7alg==

anymatch@~3.1.2:
  version "3.1.2"
  resolved "https://registry.npmmirror.com/anymatch/-/anymatch-3.1.2.tgz#c0557c096af32f106198f4f4e2a383537e378716"
  integrity sha512-P43ePfOAIupkguHUycrc4qJ9kz8ZiuOUijaETwX7THt0Y/GNK7v0aa8rY816xWjZ7rJdA5XdMcpVFTKMq+RvWg==
  dependencies:
    normalize-path "^3.0.0"
    picomatch "^2.0.4"

balanced-match@^1.0.0:
  version "1.0.2"
  resolved "https://registry.npmmirror.com/balanced-match/-/balanced-match-1.0.2.tgz#e83e3a7e3f300b34cb9d87f615fa0cbf357690ee"
  integrity sha512-3oSeUO0TMV67hN1AmbXsK4yaqU7tjiHlbxRDZOpH0KW9+CeX4bRAaX0Anxt0tx2MrpRpWwQaPwIlISEJhYU5Pw==

binary-extensions@^2.0.0:
  version "2.2.0"
  resolved "https://registry.npmmirror.com/binary-extensions/-/binary-extensions-2.2.0.tgz#75f502eeaf9ffde42fc98829645be4ea76bd9e2d"
  integrity sha512-jDctJ/IVQbZoJykoeHbhXpOlNBqGNcwXJKJog42E5HDPUwQTSdjCHdihjj0DlnheQ7blbT6dHOafNAiS8ooQKA==

brace-expansion@^1.1.7:
  version "1.1.11"
  resolved "https://registry.npmmirror.com/brace-expansion/-/brace-expansion-1.1.11.tgz#3c7fcbf529d87226f3d2f52b966ff5271eb441dd"
  integrity sha512-iCuPHDFgrHX7H2vEI/5xpz07zSHB00TpugqhmYtVmMO6518mCuRMoOYFldEBl0g187ufozdaHgWKcYFb61qGiA==
  dependencies:
    balanced-match "^1.0.0"
    concat-map "0.0.1"

braces@~3.0.2:
  version "3.0.2"
  resolved "https://registry.npmmirror.com/braces/-/braces-3.0.2.tgz#3454e1a462ee8d599e236df336cd9ea4f8afe107"
  integrity sha512-b8um+L1RzM3WDSzvhm6gIz1yfTbBt6YTlcEKAvsmqCZZFw46z626lVj9j1yEPW33H5H+lBQpZMP1k8l+78Ha0A==
  dependencies:
    fill-range "^7.0.1"

bytes@3.0.0:
  version "3.0.0"
  resolved "https://registry.npmmirror.com/bytes/-/bytes-3.0.0.tgz#d32815404d689699f85a4ea4fa8755dd13a96048"
  integrity sha512-pMhOfFDPiv9t5jjIXkHosWmkSyQbvsgEVNkz0ERHbuLh2T/7j4Mqqpz523Fe8MVY89KC6Sh/QfS2sM+SjgFDcw==

chokidar@^3.5.3:
  version "3.5.3"
  resolved "https://registry.npmmirror.com/chokidar/-/chokidar-3.5.3.tgz#1cf37c8707b932bd1af1ae22c0432e2acd1903bd"
  integrity sha512-Dr3sfKRP6oTcjf2JmUmFJfeVMvXBdegxB0iVQ5eb2V10uFJUCAS8OByZdVAyVb8xXNz3GjjTgj9kLWsZTqE6kw==
  dependencies:
    anymatch "~3.1.2"
    braces "~3.0.2"
    glob-parent "~5.1.2"
    is-binary-path "~2.1.0"
    is-glob "~4.0.1"
    normalize-path "~3.0.0"
    readdirp "~3.6.0"
  optionalDependencies:
    fsevents "~2.3.2"

concat-map@0.0.1:
  version "0.0.1"
  resolved "https://registry.npmmirror.com/concat-map/-/concat-map-0.0.1.tgz#d8a96bd77fd68df7793a73036a3ba0d5405d477b"
  integrity sha512-/Srv4dswyQNBfohGpz9o6Yb3Gz3SrUDqBH5rTuhGR7ahtlbYKnVxw2bCFMRljaA7EXHaXZ8wsHdodFvbkhKmqg==

content-disposition@0.5.2:
  version "0.5.2"
  resolved "https://registry.npmmirror.com/content-disposition/-/content-disposition-0.5.2.tgz#0cf68bb9ddf5f2be7961c3a85178cb85dba78cb4"
  integrity sha512-kRGRZw3bLlFISDBgwTSA1TMBFN6J6GWDeubmDE3AF+3+yXL8hTWv8r5rkLbqYXY4RjPk/EzHnClI3zQf1cFmHA==

crypto@^1.0.1:
  version "1.0.1"
  resolved "https://registry.npmmirror.com/crypto/-/crypto-1.0.1.tgz#2af1b7cad8175d24c8a1b0778255794a21803037"
  integrity sha512-VxBKmeNcqQdiUQUW2Tzq0t377b54N2bMtXO/qiLa+6eRRmmC4qT3D4OnTGoT/U6O9aklQ/jTwbOtRMTTY8G0Ig==

csstype@^2.6.8:
  version "2.6.20"
  resolved "https://registry.npmmirror.com/csstype/-/csstype-2.6.20.tgz#9229c65ea0b260cf4d3d997cb06288e36a8d6dda"
  integrity sha512-/WwNkdXfckNgw6S5R125rrW8ez139lBHWouiBvX8dfMFtcn6V81REDqnH7+CRpRipfYlyU1CmOnOxrmGcFOjeA==

esbuild-android-64@0.15.6:
  version "0.15.6"
  resolved "https://registry.npmmirror.com/esbuild-android-64/-/esbuild-android-64-0.15.6.tgz#baaed943ca510c2ad546e116728132e76d1d2044"
  integrity sha512-Z1CHSgB1crVQi2LKSBwSkpaGtaloVz0ZIYcRMsvHc3uSXcR/x5/bv9wcZspvH/25lIGTaViosciS/NS09ERmVA==

esbuild-android-arm64@0.15.6:
  version "0.15.6"
  resolved "https://registry.npmmirror.com/esbuild-android-arm64/-/esbuild-android-arm64-0.15.6.tgz#1c33c73d4c074969e014e31958116460c8e75a7a"
  integrity sha512-mvM+gqNxqKm2pCa3dnjdRzl7gIowuc4ga7P7c3yHzs58Im8v/Lfk1ixSgQ2USgIywT48QWaACRa3F4MG7djpSw==

esbuild-darwin-64@0.15.6:
  version "0.15.6"
  resolved "https://registry.npmmirror.com/esbuild-darwin-64/-/esbuild-darwin-64-0.15.6.tgz#388592ba61bf31993d79f6311f7452aa1ef255b9"
  integrity sha512-BsfVt3usScAfGlXJiGtGamwVEOTM8AiYiw1zqDWhGv6BncLXCnTg1As+90mxWewdTZKq3iIy8s9g8CKkrrAXVw==

esbuild-darwin-arm64@0.15.6:
  version "0.15.6"
  resolved "https://registry.npmmirror.com/esbuild-darwin-arm64/-/esbuild-darwin-arm64-0.15.6.tgz#194e987849dc4688654008a1792f26e948f52e74"
  integrity sha512-CnrAeJaEpPakUobhqO4wVSA4Zm6TPaI5UY4EsI62j9mTrjIyQPXA1n4Ju6Iu5TVZRnEqV6q8blodgYJ6CJuwCA==

esbuild-freebsd-64@0.15.6:
  version "0.15.6"
  resolved "https://registry.npmmirror.com/esbuild-freebsd-64/-/esbuild-freebsd-64-0.15.6.tgz#daa72faee585ec2ec27cc65e86a6ce0786373e66"
  integrity sha512-+qFdmqi+jkAsxsNJkaWVrnxEUUI50nu6c3MBVarv3RCDCbz7ZS1a4ZrdkwEYFnKcVWu6UUE0Kkb1SQ1yGEG6sg==

esbuild-freebsd-arm64@0.15.6:
  version "0.15.6"
  resolved "https://registry.npmmirror.com/esbuild-freebsd-arm64/-/esbuild-freebsd-arm64-0.15.6.tgz#70c8a2a30bf6bb9d547a0d8dc93aa015ec4f77f9"
  integrity sha512-KtQkQOhnNciXm2yrTYZMD3MOm2zBiiwFSU+dkwNbcfDumzzUprr1x70ClTdGuZwieBS1BM/k0KajRQX7r504Xw==

esbuild-linux-32@0.15.6:
  version "0.15.6"
  resolved "https://registry.npmmirror.com/esbuild-linux-32/-/esbuild-linux-32-0.15.6.tgz#d69ed2335b2d68c00b3248254b432172077b7ced"
  integrity sha512-IAkDNz3TpxwISTGVdQijwyHBZrbFgLlRi5YXcvaEHtgbmayLSDcJmH5nV1MFgo/x2QdKcHBkOYHdjhKxUAcPwg==

esbuild-linux-64@0.15.6:
  version "0.15.6"
  resolved "https://registry.npmmirror.com/esbuild-linux-64/-/esbuild-linux-64-0.15.6.tgz#dca821e8f129cccde23ac947fd0d4bea3b333808"
  integrity sha512-gQPksyrEYfA4LJwyfTQWAZaVZCx4wpaLrSzo2+Xc9QLC+i/sMWmX31jBjrn4nLJCd79KvwCinto36QC7BEIU/A==

esbuild-linux-arm64@0.15.6:
  version "0.15.6"
  resolved "https://registry.npmmirror.com/esbuild-linux-arm64/-/esbuild-linux-arm64-0.15.6.tgz#c9e8bc86f3c58a7c8ff1ded5880c6a39ade7621b"
  integrity sha512-aovDkclFa6C9EdZVBuOXxqZx83fuoq8097xZKhEPSygwuy4Lxs8J4anHG7kojAsR+31lfUuxzOo2tHxv7EiNHA==

esbuild-linux-arm@0.15.6:
  version "0.15.6"
  resolved "https://registry.npmmirror.com/esbuild-linux-arm/-/esbuild-linux-arm-0.15.6.tgz#354ecad0223f5b176995cf4462560eec2633de24"
  integrity sha512-xZ0Bq2aivsthDjA/ytQZzxrxIZbG0ATJYMJxNeOIBc1zUjpbVpzBKgllOZMsTSXMHFHGrow6TnCcgwqY0+oEoQ==

esbuild-linux-mips64le@0.15.6:
  version "0.15.6"
  resolved "https://registry.npmmirror.com/esbuild-linux-mips64le/-/esbuild-linux-mips64le-0.15.6.tgz#f4fb941a4ff0af437deed69a2e0712983c8fff3e"
  integrity sha512-wVpW8wkWOGizsCqCwOR/G3SHwhaecpGy3fic9BF1r7vq4djLjUcA8KunDaBCjJ6TgLQFhJ98RjDuyEf8AGjAvw==

esbuild-linux-ppc64le@0.15.6:
  version "0.15.6"
  resolved "https://registry.npmmirror.com/esbuild-linux-ppc64le/-/esbuild-linux-ppc64le-0.15.6.tgz#19774a8b52c77173f2d4f171b8a8cf839b12e686"
  integrity sha512-z6w6gsPH/Y77uchocluDC8tkCg9rfkcPTePzZKNr879bF4tu7j9t255wuNOCE396IYEGxY7y8u2HJ9i7kjCLVw==

esbuild-linux-riscv64@0.15.6:
  version "0.15.6"
  resolved "https://registry.npmmirror.com/esbuild-linux-riscv64/-/esbuild-linux-riscv64-0.15.6.tgz#66bd83b065c4a1e623df02c122bc7e4e15fd8486"
  integrity sha512-pfK/3MJcmbfU399TnXW5RTPS1S+ID6ra+CVj9TFZ2s0q9Ja1F5A1VirUUvViPkjiw+Kq3zveyn6U09Wg1zJXrw==

esbuild-linux-s390x@0.15.6:
  version "0.15.6"
  resolved "https://registry.npmmirror.com/esbuild-linux-s390x/-/esbuild-linux-s390x-0.15.6.tgz#1e024bddc75afe8dc70ed48fc9627af770d7f34b"
  integrity sha512-OZeeDu32liefcwAE63FhVqM4heWTC8E3MglOC7SK0KYocDdY/6jyApw0UDkDHlcEK9mW6alX/SH9r3PDjcCo/Q==

esbuild-netbsd-64@0.15.6:
  version "0.15.6"
  resolved "https://registry.npmmirror.com/esbuild-netbsd-64/-/esbuild-netbsd-64-0.15.6.tgz#c11477d197f059c8794ee1691e3399201f7c4b9a"
  integrity sha512-kaxw61wcHMyiEsSsi5ut1YYs/hvTC2QkxJwyRvC2Cnsz3lfMLEu8zAjpBKWh9aU/N0O/gsRap4wTur5GRuSvBA==

esbuild-openbsd-64@0.15.6:
  version "0.15.6"
  resolved "https://registry.npmmirror.com/esbuild-openbsd-64/-/esbuild-openbsd-64-0.15.6.tgz#b29e7faed5b8d2aeaf3884c47c1a96b1cba8e263"
  integrity sha512-CuoY60alzYfIZapUHqFXqXbj88bbRJu8Fp9okCSHRX2zWIcGz4BXAHXiG7dlCye5nFVrY72psesLuWdusyf2qw==

esbuild-sunos-64@0.15.6:
  version "0.15.6"
  resolved "https://registry.npmmirror.com/esbuild-sunos-64/-/esbuild-sunos-64-0.15.6.tgz#9668f39e47179f50c0435040904b9c6e10e84a70"
  integrity sha512-1ceefLdPWcd1nW/ZLruPEYxeUEAVX0YHbG7w+BB4aYgfknaLGotI/ZvPWUZpzhC8l1EybrVlz++lm3E6ODIJOg==

esbuild-windows-32@0.15.6:
  version "0.15.6"
  resolved "https://registry.npmmirror.com/esbuild-windows-32/-/esbuild-windows-32-0.15.6.tgz#9ddcd56e3c4fb9729a218c713c4e76bdbc1678b4"
  integrity sha512-pBqdOsKqCD5LRYiwF29PJRDJZi7/Wgkz46u3d17MRFmrLFcAZDke3nbdDa1c8YgY78RiemudfCeAemN8EBlIpA==

esbuild-windows-64@0.15.6:
  version "0.15.6"
  resolved "https://registry.npmmirror.com/esbuild-windows-64/-/esbuild-windows-64-0.15.6.tgz#1eaadeadfd995e9d065d35cb3e9f02607202f339"
  integrity sha512-KpPOh4aTOo//g9Pk2oVAzXMpc9Sz9n5A9sZTmWqDSXCiiachfFhbuFlsKBGATYCVitXfmBIJ4nNYYWSOdz4hQg==

esbuild-windows-arm64@0.15.6:
  version "0.15.6"
  resolved "https://registry.npmmirror.com/esbuild-windows-arm64/-/esbuild-windows-arm64-0.15.6.tgz#e18a778d354fc2ca2306688f3fedad8a3e57819e"
  integrity sha512-DB3G2x9OvFEa00jV+OkDBYpufq5x/K7a6VW6E2iM896DG4ZnAvJKQksOsCPiM1DUaa+DrijXAQ/ZOcKAqf/3Hg==

esbuild@^0.15.6:
  version "0.15.6"
  resolved "https://registry.npmmirror.com/esbuild/-/esbuild-0.15.6.tgz#626e5941b98de506b862047be3c4b33f89278923"
  integrity sha512-sgLOv3l4xklvXzzczhRwKRotyrfyZ2i1fCS6PTOLPd9wevDPArGU8HFtHrHCOcsMwTjLjzGm15gvC8uxVzQf+w==
  optionalDependencies:
    "@esbuild/linux-loong64" "0.15.6"
    esbuild-android-64 "0.15.6"
    esbuild-android-arm64 "0.15.6"
    esbuild-darwin-64 "0.15.6"
    esbuild-darwin-arm64 "0.15.6"
    esbuild-freebsd-64 "0.15.6"
    esbuild-freebsd-arm64 "0.15.6"
    esbuild-linux-32 "0.15.6"
    esbuild-linux-64 "0.15.6"
    esbuild-linux-arm "0.15.6"
    esbuild-linux-arm64 "0.15.6"
    esbuild-linux-mips64le "0.15.6"
    esbuild-linux-ppc64le "0.15.6"
    esbuild-linux-riscv64 "0.15.6"
    esbuild-linux-s390x "0.15.6"
    esbuild-netbsd-64 "0.15.6"
    esbuild-openbsd-64 "0.15.6"
    esbuild-sunos-64 "0.15.6"
    esbuild-windows-32 "0.15.6"
    esbuild-windows-64 "0.15.6"
    esbuild-windows-arm64 "0.15.6"

estree-walker@^2.0.2:
  version "2.0.2"
  resolved "https://registry.npmmirror.com/estree-walker/-/estree-walker-2.0.2.tgz#52f010178c2a4c117a7757cfe942adb7d2da4cac"
  integrity sha512-Rfkk/Mp/DL7JVje3u18FxFujQlTNR2q6QfMSMB7AvCBx91NGj/ba3kCfza0f6dVDbw7YlRf/nDrn7pQrCCyQ/w==

fast-url-parser@1.1.3:
  version "1.1.3"
  resolved "https://registry.npmmirror.com/fast-url-parser/-/fast-url-parser-1.1.3.tgz#f4af3ea9f34d8a271cf58ad2b3759f431f0b318d"
  integrity sha512-5jOCVXADYNuRkKFzNJ0dCCewsZiYo0dz8QNYljkOpFC6r2U4OBmKtvm/Tsuh4w1YYdDqDb31a8TVhBJ2OJKdqQ==
  dependencies:
    punycode "^1.3.2"

fill-range@^7.0.1:
  version "7.0.1"
  resolved "https://registry.npmmirror.com/fill-range/-/fill-range-7.0.1.tgz#1919a6a7c75fe38b2c7c77e5198535da9acdda40"
  integrity sha512-qOo9F+dMUmC2Lcb4BbVvnKJxTPjCm+RRpe4gDuGrzkL7mEVl/djYSu2OdQ2Pa302N4oqkSg9ir6jaLWJ2USVpQ==
  dependencies:
    to-regex-range "^5.0.1"

fsevents@~2.3.2:
  version "2.3.2"
  resolved "https://registry.npmmirror.com/fsevents/-/fsevents-2.3.2.tgz#8a526f78b8fdf4623b709e0b975c52c24c02fd1a"
  integrity sha512-xiqMQR4xAeHTuB9uWm+fFRcIOgKBMiOBP+eXiyT7jsgVCq1bkVygt00oASowB7EdtpOHaaPgKt812P9ab+DDKA==

glob-parent@~5.1.2:
  version "5.1.2"
  resolved "https://registry.npmmirror.com/glob-parent/-/glob-parent-5.1.2.tgz#869832c58034fe68a4093c17dc15e8340d8401c4"
  integrity sha512-AOIgSQCepiJYwP3ARnGx+5VnTu2HBYdzbGP45eLw1vr3zB3vZLeyed1sC9hnbcOc9/SrMyM5RPQrkGz4aS9Zow==
  dependencies:
    is-glob "^4.0.1"

http@^0.0.1-security:
  version "0.0.1-security"
  resolved "https://registry.npmmirror.com/http/-/http-0.0.1-security.tgz#3aac09129d12dc2747bbce4157afde20ad1f7995"
  integrity sha512-RnDvP10Ty9FxqOtPZuxtebw1j4L/WiqNMDtuc1YMH1XQm5TgDRaR1G9u8upL6KD1bXHSp9eSXo/ED+8Q7FAr+g==

is-binary-path@~2.1.0:
  version "2.1.0"
  resolved "https://registry.npmmirror.com/is-binary-path/-/is-binary-path-2.1.0.tgz#ea1f7f3b80f064236e83470f86c09c254fb45b09"
  integrity sha512-ZMERYes6pDydyuGidse7OsHxtbI7WVeUEozgR/g7rd0xUimYNlvZRE/K2MgZTjWy725IfelLeVcEM97mmtRGXw==
  dependencies:
    binary-extensions "^2.0.0"

is-extglob@^2.1.1:
  version "2.1.1"
  resolved "https://registry.npmmirror.com/is-extglob/-/is-extglob-2.1.1.tgz#a88c02535791f02ed37c76a1b9ea9773c833f8c2"
  integrity sha512-SbKbANkN603Vi4jEZv49LeVJMn4yGwsbzZworEoyEiutsN3nJYdbO36zfhGJ6QEDpOZIFkDtnq5JRxmvl3jsoQ==

is-glob@^4.0.1, is-glob@~4.0.1:
  version "4.0.3"
  resolved "https://registry.npmmirror.com/is-glob/-/is-glob-4.0.3.tgz#64f61e42cbbb2eec2071a9dac0b28ba1e65d5084"
  integrity sha512-xelSayHH36ZgE7ZWhli7pW34hNbNl8Ojv5KVmkJD4hBdD3th8Tfk9vYasLM+mXWOZhFkgZfxhLSnrwRr4elSSg==
  dependencies:
    is-extglob "^2.1.1"

is-number@^7.0.0:
  version "7.0.0"
  resolved "https://registry.npmmirror.com/is-number/-/is-number-7.0.0.tgz#7535345b896734d5f80c4d06c50955527a14f12b"
  integrity sha512-41Cifkg6e8TylSpdtTpeLVMqvSBEVzTttHvERD741+pnZ8ANv0004MRL43QKPDlK9cGvNp6NZWZUBlbGXYxxng==

lodash-es@^4.17.21:
  version "4.17.21"
  resolved "https://registry.npmmirror.com/lodash-es/-/lodash-es-4.17.21.tgz#43e626c46e6591b7750beb2b50117390c609e3ee"
  integrity sha512-mKnC+QJ9pWVzv+C4/U3rRsHapFfHvQFoFB92e52xeyGMcX6/OlIl78je1u8vePzYZSkkogMPJ2yjxxsb89cxyw==

magic-string@^0.25.7:
  version "0.25.9"
  resolved "https://registry.npmmirror.com/magic-string/-/magic-string-0.25.9.tgz#de7f9faf91ef8a1c91d02c2e5314c8277dbcdd1c"
  integrity sha512-RmF0AsMzgt25qzqqLc1+MbHmhdx0ojF2Fvs4XnOqz2ZOBXzzkEwc/dJQZCYHAn7v1jbVOjAZfK8msRn4BxO4VQ==
  dependencies:
    sourcemap-codec "^1.4.8"

mime-db@~1.33.0:
  version "1.33.0"
  resolved "https://registry.npmmirror.com/mime-db/-/mime-db-1.33.0.tgz#a3492050a5cb9b63450541e39d9788d2272783db"
  integrity sha512-BHJ/EKruNIqJf/QahvxwQZXKygOQ256myeN/Ew+THcAa5q+PjyTTMMeNQC4DZw5AwfvelsUrA6B67NKMqXDbzQ==

mime-types@2.1.18:
  version "2.1.18"
  resolved "https://registry.npmmirror.com/mime-types/-/mime-types-2.1.18.tgz#6f323f60a83d11146f831ff11fd66e2fe5503bb8"
  integrity sha512-lc/aahn+t4/SWV/qcmumYjymLsWfN3ELhpmVuUFjgsORruuZPVSwAQryq+HHGvO/SI2KVX26bx+En+zhM8g8hQ==
  dependencies:
    mime-db "~1.33.0"

minimatch@3.0.4:
  version "3.0.4"
  resolved "https://registry.npmmirror.com/minimatch/-/minimatch-3.0.4.tgz#5166e286457f03306064be5497e8dbb0c3d32083"
  integrity sha512-yJHVQEhyqPLUTgt9B83PXu6W3rx4MvvHvSUvToogpwoGDOUQ+yDrR0HRot+yOCdCO7u4hX3pWft6kWBBcqh0UA==
  dependencies:
    brace-expansion "^1.1.7"

nanoid@^3.3.4:
  version "3.3.4"
  resolved "https://registry.npmmirror.com/nanoid/-/nanoid-3.3.4.tgz#730b67e3cd09e2deacf03c027c81c9d9dbc5e8ab"
  integrity sha512-MqBkQh/OHTS2egovRtLk45wEyNXwF+cokD+1YPf9u5VfJiRdAiRwB2froX5Co9Rh20xs4siNPm8naNotSD6RBw==

normalize-path@^3.0.0, normalize-path@~3.0.0:
  version "3.0.0"
  resolved "https://registry.npmmirror.com/normalize-path/-/normalize-path-3.0.0.tgz#0dcd69ff23a1c9b11fd0978316644a0388216a65"
  integrity sha512-6eZs5Ls3WtCisHWp9S2GUy8dqkpGi4BVSz3GaqiE6ezub0512ESztXUwUB6C6IKbQkY2Pnb/mD4WYojCRwcwLA==

path-is-inside@1.0.2:
  version "1.0.2"
  resolved "https://registry.npmmirror.com/path-is-inside/-/path-is-inside-1.0.2.tgz#365417dede44430d1c11af61027facf074bdfc53"
  integrity sha512-DUWJr3+ULp4zXmol/SZkFf3JGsS9/SIv+Y3Rt93/UjPpDpklB5f1er4O3POIbUuUJ3FXgqte2Q7SrU6zAqwk8w==

path-to-regexp@2.2.1:
  version "2.2.1"
  resolved "https://registry.npmmirror.com/path-to-regexp/-/path-to-regexp-2.2.1.tgz#90b617025a16381a879bc82a38d4e8bdeb2bcf45"
  integrity sha512-gu9bD6Ta5bwGrrU8muHzVOBFFREpp2iRkVfhBJahwJ6p6Xw20SjT0MxLnwkjOibQmGSYhiUnf2FLe7k+jcFmGQ==

picocolors@^1.0.0:
  version "1.0.0"
  resolved "https://registry.npmmirror.com/picocolors/-/picocolors-1.0.0.tgz#cb5bdc74ff3f51892236eaf79d68bc44564ab81c"
  integrity sha512-1fygroTLlHu66zi26VoTDv8yRgm0Fccecssto+MhsZ0D/DGW2sm8E8AjW7NU5VVTRt5GxbeZ5qBuJr+HyLYkjQ==

picomatch@^2.0.4, picomatch@^2.2.1:
  version "2.3.1"
  resolved "https://registry.npmmirror.com/picomatch/-/picomatch-2.3.1.tgz#3ba3833733646d9d3e4995946c1365a67fb07a42"
  integrity sha512-JU3teHTNjmE2VCGFzuY8EXzCDVwEqB2a8fsIvwaStHhAWJEeVd1o1QD80CU6+ZdEXXSLbSsuLwJjkCBWqRQUVA==

postcss@^8.1.10:
  version "8.4.16"
  resolved "https://registry.npmmirror.com/postcss/-/postcss-8.4.16.tgz#33a1d675fac39941f5f445db0de4db2b6e01d43c"
  integrity sha512-ipHE1XBvKzm5xI7hiHCZJCSugxvsdq2mPnsq5+UF+VHCjiBvtDrlxJfMBToWaP9D5XlgNmcFGqoHmUn0EYEaRQ==
  dependencies:
    nanoid "^3.3.4"
    picocolors "^1.0.0"
    source-map-js "^1.0.2"

punycode@^1.3.2:
  version "1.4.1"
  resolved "https://registry.npmmirror.com/punycode/-/punycode-1.4.1.tgz#c0d5a63b2718800ad8e1eb0fa5269c84dd41845e"
  integrity sha512-jmYNElW7yvO7TV33CjSmvSiE2yco3bV2czu/OzDKdMNVZQWfxCblURLhf+47syQRBntjfLdd/H0egrzIG+oaFQ==

range-parser@1.2.0:
  version "1.2.0"
  resolved "https://registry.npmmirror.com/range-parser/-/range-parser-1.2.0.tgz#f49be6b487894ddc40dcc94a322f611092e00d5e"
  integrity sha512-kA5WQoNVo4t9lNx2kQNFCxKeBl5IbbSNBl1M/tLkw9WCn+hxNBAW5Qh8gdhs63CJnhjJ2zQWFoqPJP2sK1AV5A==

readdirp@~3.6.0:
  version "3.6.0"
  resolved "https://registry.npmmirror.com/readdirp/-/readdirp-3.6.0.tgz#74a370bd857116e245b29cc97340cd431a02a6c7"
  integrity sha512-hOS089on8RduqdbhvQ5Z37A0ESjsqz6qnRcffsMU3495FuTdqSm+7bhJ29JvIOsBDEEnan5DPu9t3To9VRlMzA==
  dependencies:
    picomatch "^2.2.1"

serve-handler@^6.1.3:
  version "6.1.3"
  resolved "https://registry.npmmirror.com/serve-handler/-/serve-handler-6.1.3.tgz#1bf8c5ae138712af55c758477533b9117f6435e8"
  integrity sha512-FosMqFBNrLyeiIDvP1zgO6YoTzFYHxLDEIavhlmQ+knB2Z7l1t+kGLHkZIDN7UVWqQAmKI3D20A6F6jo3nDd4w==
  dependencies:
    bytes "3.0.0"
    content-disposition "0.5.2"
    fast-url-parser "1.1.3"
    mime-types "2.1.18"
    minimatch "3.0.4"
    path-is-inside "1.0.2"
    path-to-regexp "2.2.1"
    range-parser "1.2.0"

source-map-js@^1.0.2:
  version "1.0.2"
  resolved "https://registry.npmmirror.com/source-map-js/-/source-map-js-1.0.2.tgz#adbc361d9c62df380125e7f161f71c826f1e490c"
  integrity sha512-R0XvVJ9WusLiqTCEiGCmICCMplcCkIwwR11mOSD9CR5u+IXYdiseeEuXCVAjS54zqwkLcPNnmU4OeJ6tUrWhDw==

source-map@^0.6.1:
  version "0.6.1"
  resolved "https://registry.npmmirror.com/source-map/-/source-map-0.6.1.tgz#74722af32e9614e9c287a8d0bbde48b5e2f1a263"
  integrity sha512-UjgapumWlbMhkBgzT7Ykc5YXUT46F0iKu8SGXq0bcwP5dz/h0Plj6enJqjz1Zbq2l5WaqYnrVbwWOWMyF3F47g==

sourcemap-codec@^1.4.8:
  version "1.4.8"
  resolved "https://registry.npmmirror.com/sourcemap-codec/-/sourcemap-codec-1.4.8.tgz#ea804bd94857402e6992d05a38ef1ae35a9ab4c4"
  integrity sha512-9NykojV5Uih4lgo5So5dtw+f0JgJX30KCNI8gwhz2J9A15wD0Ml6tjHKwf6fTSa6fAdVBdZeNOs9eJ71qCk8vA==

to-regex-range@^5.0.1:
  version "5.0.1"
  resolved "https://registry.npmmirror.com/to-regex-range/-/to-regex-range-5.0.1.tgz#1648c44aae7c8d988a326018ed72f5b4dd0392e4"
  integrity sha512-65P7iz6X5yEr1cwcgvQxbbIw7Uk3gOy5dIdtZ4rDveLqhrdJP+Li/Hx6tyK0NEb+2GCyneCMJiGqrADCSNk8sQ==
  dependencies:
    is-number "^7.0.0"

vue@^3.2.38:
  version "3.2.38"
  resolved "https://registry.npmmirror.com/vue/-/vue-3.2.38.tgz#cda3a414631745b194971219318a792dbbccdec0"
  integrity sha512-hHrScEFSmDAWL0cwO4B6WO7D3sALZPbfuThDsGBebthrNlDxdJZpGR3WB87VbjpPh96mep1+KzukYEhpHDFa8Q==
  dependencies:
    "@vue/compiler-dom" "3.2.38"
    "@vue/compiler-sfc" "3.2.38"
    "@vue/runtime-dom" "3.2.38"
    "@vue/server-renderer" "3.2.38"
    "@vue/shared" "3.2.38"

ws@^8.8.1:
  version "8.8.1"
  resolved "https://registry.npmmirror.com/ws/-/ws-8.8.1.tgz#5dbad0feb7ade8ecc99b830c1d77c913d4955ff0"
  integrity sha512-bGy2JzvzkPowEJV++hF07hAD6niYSr0JzBNo/J29WsB57A2r7Wlc1UFcTR9IzrPvuNVO4B8LGqF8qcpsVOhJCA==
